<?xml version="1.0" encoding="utf-8"?>
<Project ToolsVersion="4.0" xmlns="http://schemas.microsoft.com/developer/msbuild/2003">
  <ItemGroup>
    <Filter Include="Source Files">
      <UniqueIdentifier>{4FC737F1-C7A5-4376-A066-2A32D752A2FF}</UniqueIdentifier>
      <Extensions>cpp;c;cc;cxx;c++;cppm;ixx;def;odl;idl;hpj;bat;asm;asmx</Extensions>
    </Filter>
    <Filter Include="Header Files">
      <UniqueIdentifier>{93995380-89BD-4b04-88EB-625FBE52EBFB}</UniqueIdentifier>
      <Extensions>h;hh;hpp;hxx;h++;hm;inl;inc;ipp;xsd</Extensions>
    </Filter>
    <Filter Include="Resource Files">
      <UniqueIdentifier>{67DA6AB6-F800-4c08-8B7A-83BB121AAD01}</UniqueIdentifier>
      <Extensions>rc;ico;cur;bmp;dlg;rc2;rct;bin;rgs;gif;jpg;jpeg;jpe;resx;tiff;tif;png;wav;mfcribbon-ms</Extensions>
    </Filter>
  </ItemGroup>
  <ItemGroup>
    <ClCompile Include="Extension.cpp">
      <Filter>Source Files</Filter>
    </ClCompile>
    <ClCompile Include="ExtensionImpl.cpp">
      <Filter>Source Files</Filter>
    </ClCompile>
    <ClCompile Include="_Libraries\curlproc.cpp">
      <Filter>Source Files</Filter>
    </ClCompile>
    <ClCompile Include="Config\ExtensionConfig.cpp">
      <Filter>Source Files</Filter>
    </ClCompile>
    <ClCompile Include="_Libraries\inihandler.cpp">
      <Filter>Source Files</Filter>
    </ClCompile>
    <ClCompile Include="Network\HttpClient.cpp">
      <Filter>Source Files</Filter>
    </ClCompile>
  </ItemGroup>
  <ItemGroup>
    <ClInclude Include="Extension.h">
      <Filter>Header Files</Filter>
    </ClInclude>
    <ClInclude Include="_Libraries\curlproc.h">
      <Filter>Header Files</Filter>
    </ClInclude>
    <ClInclude Include="Config\ExtensionConfig.h">
      <Filter>Header Files</Filter>
    </ClInclude>
    <ClInclude Include="History\MsgHistoryTrack.h">
      <Filter>Header Files</Filter>
    </ClInclude>
    <ClInclude Include="Translator.h">
      <Filter>Header Files</Filter>
    </ClInclude>
    <ClInclude Include="_Libraries\datetime.h">
      <Filter>Header Files</Filter>
    </ClInclude>
    <ClInclude Include="_Libraries\inihandler.h">
      <Filter>Header Files</Filter>
    </ClInclude>
    <ClInclude Include="Text\TranslationFormat.h">
      <Filter>Header Files</Filter>
    </ClInclude>
    <ClInclude Include="_Libraries\strhelper.h">
      <Filter>Header Files</Filter>
    </ClInclude>
    <ClInclude Include="Network\HttpClient.h">
      <Filter>Header Files</Filter>
    </ClInclude>
    <ClInclude Include="Network\GptApiCaller.h">
      <Filter>Header Files</Filter>
    </ClInclude>
    <ClInclude Include="Logger.h">
      <Filter>Header Files</Filter>
    </ClInclude>
    <ClInclude Include="Config\Common.h">
      <Filter>Header Files</Filter>
    </ClInclude>
    <ClInclude Include="Threading\ThreadFilter.h">
      <Filter>Header Files</Filter>
    </ClInclude>
    <ClInclude Include="Threading\ThreadKeyGenerator.h">
      <Filter>Header Files</Filter>
    </ClInclude>
    <ClInclude Include="Threading\ThreadTracker.h">
      <Filter>Header Files</Filter>
    </ClInclude>
    <ClInclude Include="History\MultiThreadMsgHistoryTrack.h">
      <Filter>Header Files</Filter>
    </ClInclude>
    <ClInclude Include="ExtensionDepsContainer.h">
      <Filter>Header Files</Filter>
    </ClInclude>
    <ClInclude Include="Text\ApiMsgHelper.h">
      <Filter>Header Files</Filter>
    </ClInclude>
    <ClInclude Include="_Libraries\regex\RE2Regex.h">
      <Filter>Header Files</Filter>
    </ClInclude>
    <ClInclude Include="_Libraries\regex\Regex.h">
      <Filter>Header Files</Filter>
    </ClInclude>
    <ClInclude Include="_Libraries\regex\StdLibRegex.h">
      <Filter>Header Files</Filter>
    </ClInclude>
    <ClInclude Include="NameMapping\ProcessNameRetriever.h">
      <Filter>Header Files</Filter>
    </ClInclude>
    <ClInclude Include="NameMapping\VnIdsRetriever.h">
      <Filter>Header Files</Filter>
    </ClInclude>
    <ClInclude Include="NameMapping\CharMappings.h">
      <Filter>Header Files</Filter>
    </ClInclude>
    <ClInclude Include="NameMapping\GenderStrMapper.h">
      <Filter>Header Files</Filter>
    </ClInclude>
    <ClInclude Include="Text\GptUserMsgCreator.h">
      <Filter>Header Files</Filter>
    </ClInclude>
    <ClInclude Include="Text\GptSysMsgCreator.h">
      <Filter>Header Files</Filter>
    </ClInclude>
    <ClInclude Include="Text\GptMsgCreator.h">
      <Filter>Header Files</Filter>
    </ClInclude>
    <ClInclude Include="Text\GptLineParser.h">
      <Filter>Header Files</Filter>
    </ClInclude>
    <ClInclude Include="NameMapping\NameRetriever.h">
      <Filter>Header Files</Filter>
    </ClInclude>
    <ClInclude Include="_Libraries\winmsg.h">
      <Filter>Header Files</Filter>
    </ClInclude>
    <ClInclude Include="_Libraries\FileTracker.h">
      <Filter>Header Files</Filter>
    </ClInclude>
    <ClInclude Include="_Libraries\Locker.h">
      <Filter>Header Files</Filter>
    </ClInclude>
    <ClInclude Include="ExtExecRequirements.h">
      <Filter>Header Files</Filter>
    </ClInclude>
  </ItemGroup>
</Project>