<?xml version="1.0" encoding="utf-8"?>
<Project ToolsVersion="4.0" xmlns="http://schemas.microsoft.com/developer/msbuild/2003">
  <ItemGroup>
    <Filter Include="Source Files">
      <UniqueIdentifier>{4FC737F1-C7A5-4376-A066-2A32D752A2FF}</UniqueIdentifier>
      <Extensions>cpp;c;cc;cxx;c++;cppm;ixx;def;odl;idl;hpj;bat;asm;asmx</Extensions>
    </Filter>
    <Filter Include="Header Files">
      <UniqueIdentifier>{93995380-89BD-4b04-88EB-625FBE52EBFB}</UniqueIdentifier>
      <Extensions>h;hh;hpp;hxx;h++;hm;inl;inc;ipp;xsd</Extensions>
    </Filter>
    <Filter Include="Resource Files">
      <UniqueIdentifier>{67DA6AB6-F800-4c08-8B7A-83BB121AAD01}</UniqueIdentifier>
      <Extensions>rc;ico;cur;bmp;dlg;rc2;rct;bin;rgs;gif;jpg;jpeg;jpe;resx;tiff;tif;png;wav;mfcribbon-ms</Extensions>
    </Filter>
  </ItemGroup>
  <ItemGroup>
    <ClCompile Include="Extension.cpp">
      <Filter>Source Files</Filter>
    </ClCompile>
    <ClCompile Include="ExtensionImpl.cpp">
      <Filter>Source Files</Filter>
    </ClCompile>
    <ClCompile Include="ExtensionConfig.cpp">
      <Filter>Source Files</Filter>
    </ClCompile>
    <ClCompile Include="Libraries\inihandler.cpp">
      <Filter>Source Files</Filter>
    </ClCompile>
    <ClCompile Include="ThreadIdGenerator.h">
      <Filter>Source Files</Filter>
    </ClCompile>
    <ClCompile Include="ConfigAdjustmentEvents.h">
      <Filter>Source Files</Filter>
    </ClCompile>
    <ClCompile Include="KeyValSplitter.h">
      <Filter>Source Files</Filter>
    </ClCompile>
  </ItemGroup>
  <ItemGroup>
    <ClInclude Include="Extension.h">
      <Filter>Header Files</Filter>
    </ClInclude>
    <ClInclude Include="ExtensionConfig.h">
      <Filter>Header Files</Filter>
    </ClInclude>
    <ClInclude Include="ScriptManager.h">
      <Filter>Header Files</Filter>
    </ClInclude>
    <ClInclude Include="Libraries\datetime.h">
      <Filter>Header Files</Filter>
    </ClInclude>
    <ClInclude Include="ScriptCmdStrHandler.h">
      <Filter>Header Files</Filter>
    </ClInclude>
    <ClInclude Include="Libraries\inihandler.h">
      <Filter>Header Files</Filter>
    </ClInclude>
    <ClInclude Include="logging\LoggerBase.h">
      <Filter>Header Files</Filter>
    </ClInclude>
    <ClInclude Include="logging\LoggerEvents.h">
      <Filter>Header Files</Filter>
    </ClInclude>
    <ClInclude Include="logging\Loggers.h">
      <Filter>Header Files</Filter>
    </ClInclude>
    <ClInclude Include="python\PipeManager.h">
      <Filter>Header Files</Filter>
    </ClInclude>
    <ClInclude Include="python\ProcessManager.h">
      <Filter>Header Files</Filter>
    </ClInclude>
    <ClInclude Include="python\ProcessStateTracker.h">
      <Filter>Header Files</Filter>
    </ClInclude>
    <ClInclude Include="python\PythonInitCodeReserve.h">
      <Filter>Header Files</Filter>
    </ClInclude>
    <ClInclude Include="python\PythonProcess.h">
      <Filter>Header Files</Filter>
    </ClInclude>
    <ClInclude Include="python\PythonThread.h">
      <Filter>Header Files</Filter>
    </ClInclude>
    <ClInclude Include="python\WinApiHelper.h">
      <Filter>Header Files</Filter>
    </ClInclude>
    <ClInclude Include="python\WinEventHandler.h">
      <Filter>Header Files</Filter>
    </ClInclude>
    <ClInclude Include="environment\DirectoryCreator.h">
      <Filter>Header Files</Filter>
    </ClInclude>
    <ClInclude Include="Libraries\winmsg.h">
      <Filter>Header Files</Filter>
    </ClInclude>
    <ClInclude Include="containers\PythonContainer.h">
      <Filter>Header Files</Filter>
    </ClInclude>
    <ClInclude Include="containers\ExtensionDepsContainer.h">
      <Filter>Header Files</Filter>
    </ClInclude>
    <ClInclude Include="environment\EnvironmentVarRetriever.h">
      <Filter>Header Files</Filter>
    </ClInclude>
    <ClInclude Include="Libraries\FileTracker.h">
      <Filter>Header Files</Filter>
    </ClInclude>
    <ClInclude Include="Libraries\Locker.h">
      <Filter>Header Files</Filter>
    </ClInclude>
    <ClInclude Include="python\pip\PipPackageInstaller.h">
      <Filter>Header Files</Filter>
    </ClInclude>
    <ClInclude Include="python\pip\PipCmdStrBuilder.h">
      <Filter>Header Files</Filter>
    </ClInclude>
    <ClInclude Include="python\PathFormatter.h">
      <Filter>Header Files</Filter>
    </ClInclude>
    <ClInclude Include="python\pip\RequirementsTxtParser.h">
      <Filter>Header Files</Filter>
    </ClInclude>
    <ClInclude Include="python\pip\CustomPackageToModuleMapper.h">
      <Filter>Header Files</Filter>
    </ClInclude>
    <ClInclude Include="Libraries\strhelper.h">
      <Filter>Header Files</Filter>
    </ClInclude>
    <ClInclude Include="ExtExecRequirements.h">
      <Filter>Header Files</Filter>
    </ClInclude>
    <ClInclude Include="File\Writer\FileWriter.h">
      <Filter>Header Files</Filter>
    </ClInclude>
    <ClInclude Include="File\Writer\FireAndForgetFileWriter.h">
      <Filter>Header Files</Filter>
    </ClInclude>
    <ClInclude Include="File\Writer\TruncatableFileWriter.h">
      <Filter>Header Files</Filter>
    </ClInclude>
    <ClInclude Include="File\FileDeleter.h">
      <Filter>Header Files</Filter>
    </ClInclude>
    <ClInclude Include="File\FileReader.h">
      <Filter>Header Files</Filter>
    </ClInclude>
    <ClInclude Include="File\FileTruncater.h">
      <Filter>Header Files</Filter>
    </ClInclude>
    <ClInclude Include="File\Writer\FstreamFileWriter.h">
      <Filter>Header Files</Filter>
    </ClInclude>
    <ClInclude Include="File\Writer\WinApiFileWriter.h">
      <Filter>Header Files</Filter>
    </ClInclude>
    <ClInclude Include="containers\LoggerFactory.h">
      <Filter>Header Files</Filter>
    </ClInclude>
  </ItemGroup>
</Project>